// !$*UTF8*$!
{
	archiveVersion = 1;
	classes = {
	};
	objectVersion = 50;
	objects = {

/* Begin PBXBuildFile section */
		DF9AA8CB21427DED0066A9DB /* AppDelegate.swift in Sources */ = {isa = PBXBuildFile; fileRef = DF9AA8CA21427DED0066A9DB /* AppDelegate.swift */; };
		DF9AA8CD21427DED0066A9DB /* ViewController.swift in Sources */ = {isa = PBXBuildFile; fileRef = DF9AA8CC21427DED0066A9DB /* ViewController.swift */; };
		DF9AA8D021427DED0066A9DB /* Main.storyboard in Resources */ = {isa = PBXBuildFile; fileRef = DF9AA8CE21427DED0066A9DB /* Main.storyboard */; };
		DF9AA8D321427DED0066A9DB /* ObninskName.xcdatamodeld in Sources */ = {isa = PBXBuildFile; fileRef = DF9AA8D121427DED0066A9DB /* ObninskName.xcdatamodeld */; };
		DF9AA8D521427DF10066A9DB /* Assets.xcassets in Resources */ = {isa = PBXBuildFile; fileRef = DF9AA8D421427DF10066A9DB /* Assets.xcassets */; };
		DF9AA8D821427DF10066A9DB /* LaunchScreen.storyboard in Resources */ = {isa = PBXBuildFile; fileRef = DF9AA8D621427DF10066A9DB /* LaunchScreen.storyboard */; };
/* End PBXBuildFile section */

/* Begin PBXFileReference section */
		DF9AA8C721427DED0066A9DB /* ObninskName.app */ = {isa = PBXFileReference; explicitFileType = wrapper.application; includeInIndex = 0; path = ObninskName.app; sourceTree = BUILT_PRODUCTS_DIR; };
		DF9AA8CA21427DED0066A9DB /* AppDelegate.swift */ = {isa = PBXFileReference; lastKnownFileType = sourcecode.swift; path = AppDelegate.swift; sourceTree = "<group>"; };
		DF9AA8CC21427DED0066A9DB /* ViewController.swift */ = {isa = PBXFileReference; lastKnownFileType = sourcecode.swift; path = ViewController.swift; sourceTree = "<group>"; };
		DF9AA8CF21427DED0066A9DB /* Base */ = {isa = PBXFileReference; lastKnownFileType = file.storyboard; name = Base; path = Base.lproj/Main.storyboard; sourceTree = "<group>"; };
		DF9AA8D221427DED0066A9DB /* ObninskName.xcdatamodel */ = {isa = PBXFileReference; lastKnownFileType = wrapper.xcdatamodel; path = ObninskName.xcdatamodel; sourceTree = "<group>"; };
		DF9AA8D421427DF10066A9DB /* Assets.xcassets */ = {isa = PBXFileReference; lastKnownFileType = folder.assetcatalog; path = Assets.xcassets; sourceTree = "<group>"; };
		DF9AA8D721427DF10066A9DB /* Base */ = {isa = PBXFileReference; lastKnownFileType = file.storyboard; name = Base; path = Base.lproj/LaunchScreen.storyboard; sourceTree = "<group>"; };
		DF9AA8D921427DF10066A9DB /* Info.plist */ = {isa = PBXFileReference; lastKnownFileType = text.plist.xml; path = Info.plist; sourceTree = "<group>"; };
/* End PBXFileReference section */

/* Begin PBXFrameworksBuildPhase section */
		DF9AA8C421427DED0066A9DB /* Frameworks */ = {
			isa = PBXFrameworksBuildPhase;
			buildActionMask = 2147483647;
			files = (
			);
			runOnlyForDeploymentPostprocessing = 0;
		};
/* End PBXFrameworksBuildPhase section */

/* Begin PBXGroup section */
		DF9AA8BE21427DED0066A9DB = {
			isa = PBXGroup;
			children = (
				DF9AA8C921427DED0066A9DB /* ObninskName */,
				DF9AA8C821427DED0066A9DB /* Products */,
			);
			sourceTree = "<group>";
		};
		DF9AA8C821427DED0066A9DB /* Products */ = {
			isa = PBXGroup;
			children = (
				DF9AA8C721427DED0066A9DB /* ObninskName.app */,
			);
			name = Products;
			sourceTree = "<group>";
		};
		DF9AA8C921427DED0066A9DB /* ObninskName */ = {
			isa = PBXGroup;
			children = (
				DF9AA8CA21427DED0066A9DB /* AppDelegate.swift */,
				DF9AA8CC21427DED0066A9DB /* ViewController.swift */,
				DF9AA8CE21427DED0066A9DB /* Main.storyboard */,
				DF9AA8D421427DF10066A9DB /* Assets.xcassets */,
				DF9AA8D621427DF10066A9DB /* LaunchScreen.storyboard */,
				DF9AA8D921427DF10066A9DB /* Info.plist */,
				DF9AA8D121427DED0066A9DB /* ObninskName.xcdatamodeld */,
			);
			path = ObninskName;
			sourceTree = "<group>";
		};
/* End PBXGroup section */

/* Begin PBXNativeTarget section */
		DF9AA8C621427DED0066A9DB /* ObninskName */ = {
			isa = PBXNativeTarget;
			buildConfigurationList = DF9AA8DC21427DF10066A9DB /* Build configuration list for PBXNativeTarget "ObninskName" */;
			buildPhases = (
				DF9AA8C321427DED0066A9DB /* Sources */,
				DF9AA8C421427DED0066A9DB /* Frameworks */,
				DF9AA8C521427DED0066A9DB /* Resources */,
			);
			buildRules = (
			);
			dependencies = (
			);
			name = ObninskName;
			productName = ObninskName;
			productReference = DF9AA8C721427DED0066A9DB /* ObninskName.app */;
			productType = "com.apple.product-type.application";
		};
/* End PBXNativeTarget section */

/* Begin PBXProject section */
		DF9AA8BF21427DED0066A9DB /* Project object */ = {
			isa = PBXProject;
			attributes = {
				LastSwiftUpdateCheck = 0940;
				LastUpgradeCheck = 0940;
				ORGANIZATIONNAME = "Artyom Vlasov";
				TargetAttributes = {
					DF9AA8C621427DED0066A9DB = {
						CreatedOnToolsVersion = 9.4.1;
					};
				};
			};
			buildConfigurationList = DF9AA8C221427DED0066A9DB /* Build configuration list for PBXProject "ObninskName" */;
			compatibilityVersion = "Xcode 9.3";
			developmentRegion = en;
			hasScannedForEncodings = 0;
			knownRegions = (
				en,
				Base,
			);
			mainGroup = DF9AA8BE21427DED0066A9DB;
			productRefGroup = DF9AA8C821427DED0066A9DB /* Products */;
			projectDirPath = "";
			projectRoot = "";
			targets = (
				DF9AA8C621427DED0066A9DB /* ObninskName */,
			);
		};
/* End PBXProject section */

/* Begin PBXResourcesBuildPhase section */
		DF9AA8C521427DED0066A9DB /* Resources */ = {
			isa = PBXResourcesBuildPhase;
			buildActionMask = 2147483647;
			files = (
				DF9AA8D821427DF10066A9DB /* LaunchScreen.storyboard in Resources */,
				DF9AA8D521427DF10066A9DB /* Assets.xcassets in Resources */,
				DF9AA8D021427DED0066A9DB /* Main.storyboard in Resources */,
			);
			runOnlyForDeploymentPostprocessing = 0;
		};
/* End PBXResourcesBuildPhase section */

/* Begin PBXSourcesBuildPhase section */
		DF9AA8C321427DED0066A9DB /* Sources */ = {
			isa = PBXSourcesBuildPhase;
			buildActionMask = 2147483647;
			files = (
				DF9AA8CD21427DED0066A9DB /* ViewController.swift in Sources */,
				DF9AA8D321427DED0066A9DB /* ObninskName.xcdatamodeld in Sources */,
				DF9AA8CB21427DED0066A9DB /* AppDelegate.swift in Sources */,
			);
			runOnlyForDeploymentPostprocessing = 0;
		};
/* End PBXSourcesBuildPhase section */

/* Begin PBXVariantGroup section */
		DF9AA8CE21427DED0066A9DB /* Main.storyboard */ = {
			isa = PBXVariantGroup;
			children = (
				DF9AA8CF21427DED0066A9DB /* Base */,
			);
			name = Main.storyboard;
			sourceTree = "<group>";
		};
		DF9AA8D621427DF10066A9DB /* LaunchScreen.storyboard */ = {
			isa = PBXVariantGroup;
			children = (
				DF9AA8D721427DF10066A9DB /* Base */,
			);
			name = LaunchScreen.storyboard;
			sourceTree = "<group>";
		};
/* End PBXVariantGroup section */

/* Begin XCBuildConfiguration section */
		DF9AA8DA21427DF10066A9DB /* Debug */ = {
			isa = XCBuildConfiguration;
			buildSettings = {
				ALWAYS_SEARCH_USER_PATHS = NO;
				CLANG_ANALYZER_NONNULL = YES;
				CLANG_ANALYZER_NUMBER_OBJECT_CONVERSION = YES_AGGRESSIVE;
				CLANG_CXX_LANGUAGE_STANDARD = "gnu++14";
				CLANG_CXX_LIBRARY = "libc++";
				CLANG_ENABLE_MODULES = YES;
				CLANG_ENABLE_OBJC_ARC = YES;
				CLANG_ENABLE_OBJC_WEAK = YES;
				CLANG_WARN_BLOCK_CAPTURE_AUTORELEASING = YES;
				CLANG_WARN_BOOL_CONVERSION = YES;
				CLANG_WARN_COMMA = YES;
				CLANG_WARN_CONSTANT_CONVERSION = YES;
				CLANG_WARN_DEPRECATED_OBJC_IMPLEMENTATIONS = YES;
				CLANG_WARN_DIRECT_OBJC_ISA_USAGE = YES_ERROR;
				CLANG_WARN_DOCUMENTATION_COMMENTS = YES;
				CLANG_WARN_EMPTY_BODY = YES;
				CLANG_WARN_ENUM_CONVERSION = YES;
				CLANG_WARN_INFINITE_RECURSION = YES;
				CLANG_WARN_INT_CONVERSION = YES;
				CLANG_WARN_NON_LITERAL_NULL_CONVERSION = YES;
				CLANG_WARN_OBJC_IMPLICIT_RETAIN_SELF = YES;
				CLANG_WARN_OBJC_LITERAL_CONVERSION = YES;
				CLANG_WARN_OBJC_ROOT_CLASS = YES_ERROR;
				CLANG_WARN_RANGE_LOOP_ANALYSIS = YES;
				CLANG_WARN_STRICT_PROTOTYPES = YES;
				CLANG_WARN_SUSPICIOUS_MOVE = YES;
				CLANG_WARN_UNGUARDED_AVAILABILITY = YES_AGGRESSIVE;
				CLANG_WARN_UNREACHABLE_CODE = YES;
				CLANG_WARN__DUPLICATE_METHOD_MATCH = YES;
				CODE_SIGN_IDENTITY = "iPhone Developer";
				COPY_PHASE_STRIP = NO;
				DEBUG_INFORMATION_FORMAT = dwarf;
				ENABLE_STRICT_OBJC_MSGSEND = YES;
				ENABLE_TESTABILITY = YES;
				GCC_C_LANGUAGE_STANDARD = gnu11;
				GCC_DYNAMIC_NO_PIC = NO;
				GCC_NO_COMMON_BLOCKS = YES;
				GCC_OPTIMIZATION_LEVEL = 0;
				GCC_PREPROCESSOR_DEFINITIONS = (
					"DEBUG=1",
					"$(inherited)",
				);
				GCC_WARN_64_TO_32_BIT_CONVERSION = YES;
				GCC_WARN_ABOUT_RETURN_TYPE = YES_ERROR;
				GCC_WARN_UNDECLARED_SELECTOR = YES;
				GCC_WARN_UNINITIALIZED_AUTOS = YES_AGGRESSIVE;
				GCC_WARN_UNUSED_FUNCTION = YES;
				GCC_WARN_UNUSED_VARIABLE = YES;
				IPHONEOS_DEPLOYMENT_TARGET = 11.4;
				MTL_ENABLE_DEBUG_INFO = YES;
				ONLY_ACTIVE_ARCH = YES;
				SDKROOT = iphoneos;
				SWIFT_ACTIVE_COMPILATION_CONDITIONS = DEBUG;
				SWIFT_OPTIMIZATION_LEVEL = "-Onone";
			};
			name = Debug;
		};
		DF9AA8DB21427DF10066A9DB /* Release */ = {
			isa = XCBuildConfiguration;
			buildSettings = {
				ALWAYS_SEARCH_USER_PATHS = NO;
				CLANG_ANALYZER_NONNULL = YES;
				CLANG_ANALYZER_NUMBER_OBJECT_CONVERSION = YES_AGGRESSIVE;
				CLANG_CXX_LANGUAGE_STANDARD = "gnu++14";
				CLANG_CXX_LIBRARY = "libc++";
				CLANG_ENABLE_MODULES = YES;
				CLANG_ENABLE_OBJC_ARC = YES;
				CLANG_ENABLE_OBJC_WEAK = YES;
				CLANG_WARN_BLOCK_CAPTURE_AUTORELEASING = YES;
				CLANG_WARN_BOOL_CONVERSION = YES;
				CLANG_WARN_COMMA = YES;
				CLANG_WARN_CONSTANT_CONVERSION = YES;
				CLANG_WARN_DEPRECATED_OBJC_IMPLEMENTATIONS = YES;
				CLANG_WARN_DIRECT_OBJC_ISA_USAGE = YES_ERROR;
				CLANG_WARN_DOCUMENTATION_COMMENTS = YES;
				CLANG_WARN_EMPTY_BODY = YES;
				CLANG_WARN_ENUM_CONVERSION = YES;
				CLANG_WARN_INFINITE_RECURSION = YES;
				CLANG_WARN_INT_CONVERSION = YES;
				CLANG_WARN_NON_LITERAL_NULL_CONVERSION = YES;
				CLANG_WARN_OBJC_IMPLICIT_RETAIN_SELF = YES;
				CLANG_WARN_OBJC_LITERAL_CONVERSION = YES;
				CLANG_WARN_OBJC_ROOT_CLASS = YES_ERROR;
				CLANG_WARN_RANGE_LOOP_ANALYSIS = YES;
				CLANG_WARN_STRICT_PROTOTYPES = YES;
				CLANG_WARN_SUSPICIOUS_MOVE = YES;
				CLANG_WARN_UNGUARDED_AVAILABILITY = YES_AGGRESSIVE;
				CLANG_WARN_UNREACHABLE_CODE = YES;
				CLANG_WARN__DUPLICATE_METHOD_MATCH = YES;
				CODE_SIGN_IDENTITY = "iPhone Developer";
				COPY_PHASE_STRIP = NO;
				DEBUG_INFORMATION_FORMAT = "dwarf-with-dsym";
				ENABLE_NS_ASSERTIONS = NO;
				ENABLE_STRICT_OBJC_MSGSEND = YES;
				GCC_C_LANGUAGE_STANDARD = gnu11;
				GCC_NO_COMMON_BLOCKS = YES;
				GCC_WARN_64_TO_32_BIT_CONVERSION = YES;
				GCC_WARN_ABOUT_RETURN_TYPE = YES_ERROR;
				GCC_WARN_UNDECLARED_SELECTOR = YES;
				GCC_WARN_UNINITIALIZED_AUTOS = YES_AGGRESSIVE;
				GCC_WARN_UNUSED_FUNCTION = YES;
				GCC_WARN_UNUSED_VARIABLE = YES;
				IPHONEOS_DEPLOYMENT_TARGET = 11.4;
				MTL_ENABLE_DEBUG_INFO = NO;
				SDKROOT = iphoneos;
				SWIFT_COMPILATION_MODE = wholemodule;
				SWIFT_OPTIMIZATION_LEVEL = "-O";
				VALIDATE_PRODUCT = YES;
			};
			name = Release;
		};
		DF9AA8DD21427DF10066A9DB /* Debug */ = {
			isa = XCBuildConfiguration;
			buildSettings = {
				ASSETCATALOG_COMPILER_APPICON_NAME = AppIcon;
				CODE_SIGN_STYLE = Automatic;
				DEVELOPMENT_TEAM = PQJD9TZQSB;
				INFOPLIST_FILE = ObninskName/Info.plist;
				LD_RUNPATH_SEARCH_PATHS = (
					"$(inherited)",
					"@executable_path/Frameworks",
				);
				PRODUCT_BUNDLE_IDENTIFIER = ru.midev.ObninskName;
				PRODUCT_NAME = "$(TARGET_NAME)";
				SWIFT_VERSION = 4.0;
				TARGETED_DEVICE_FAMILY = "1,2";
			};
			name = Debug;
		};
		DF9AA8DE21427DF10066A9DB /* Release */ = {
			isa = XCBuildConfiguration;
			buildSettings = {
				ASSETCATALOG_COMPILER_APPICON_NAME = AppIcon;
				CODE_SIGN_STYLE = Automatic;
				DEVELOPMENT_TEAM = PQJD9TZQSB;
				INFOPLIST_FILE = ObninskName/Info.plist;
				LD_RUNPATH_SEARCH_PATHS = (
					"$(inherited)",
					"@executable_path/Frameworks",
				);
				PRODUCT_BUNDLE_IDENTIFIER = ru.midev.ObninskName;
				PRODUCT_NAME = "$(TARGET_NAME)";
				SWIFT_VERSION = 4.0;
				TARGETED_DEVICE_FAMILY = "1,2";
			};
			name = Release;
		};
/* End XCBuildConfiguration section */

/* Begin XCConfigurationList section */
		DF9AA8C221427DED0066A9DB /* Build configuration list for PBXProject "ObninskName" */ = {
			isa = XCConfigurationList;
			buildConfigurations = (
				DF9AA8DA21427DF10066A9DB /* Debug */,
				DF9AA8DB21427DF10066A9DB /* Release */,
			);
			defaultConfigurationIsVisible = 0;
			defaultConfigurationName = Release;
		};
		DF9AA8DC21427DF10066A9DB /* Build configuration list for PBXNativeTarget "ObninskName" */ = {
			isa = XCConfigurationList;
			buildConfigurations = (
				DF9AA8DD21427DF10066A9DB /* Debug */,
				DF9AA8DE21427DF10066A9DB /* Release */,
			);
			defaultConfigurationIsVisible = 0;
			defaultConfigurationName = Release;
		};
/* End XCConfigurationList section */

/* Begin XCVersionGroup section */
		DF9AA8D121427DED0066A9DB /* ObninskName.xcdatamodeld */ = {
			isa = XCVersionGroup;
			children = (
				DF9AA8D221427DED0066A9DB /* ObninskName.xcdatamodel */,
			);
			currentVersion = DF9AA8D221427DED0066A9DB /* ObninskName.xcdatamodel */;
			path = ObninskName.xcdatamodeld;
			sourceTree = "<group>";
			versionGroupType = wrapper.xcdatamodel;
		};
/* End XCVersionGroup section */
	};
	rootObject = DF9AA8BF21427DED0066A9DB /* Project object */;
}
